// !$*UTF8*$!
{
	archiveVersion = 1;
	classes = {
	};
	objectVersion = 55;
	objects = {

/* Begin PBXBuildFile section */
		E9041ED9282B704D00EB4001 /* TitlePreviewModel.swift in Sources */ = {isa = PBXBuildFile; fileRef = E9041ED8282B704D00EB4001 /* TitlePreviewModel.swift */; };
		E9041EFF282E124D00EB4001 /* CinemaParkModel.xcdatamodeld in Sources */ = {isa = PBXBuildFile; fileRef = E9041EFD282E124D00EB4001 /* CinemaParkModel.xcdatamodeld */; };
		E90B85EC280FC89C00D0F634 /* Image Extensions.swift in Sources */ = {isa = PBXBuildFile; fileRef = E90B85EB280FC89C00D0F634 /* Image Extensions.swift */; };
		E91B37AD28110CDB00645F50 /* APICaller.swift in Sources */ = {isa = PBXBuildFile; fileRef = E91B37AC28110CDB00645F50 /* APICaller.swift */; };
		E94C4CE828224F9900113F53 /* YouTubeSearchResponse.swift in Sources */ = {isa = PBXBuildFile; fileRef = E94C4CE728224F9900113F53 /* YouTubeSearchResponse.swift */; };
		E94C4D0A2824ED6900113F53 /* TitlePreviewViewController.swift in Sources */ = {isa = PBXBuildFile; fileRef = E94C4D092824ED6900113F53 /* TitlePreviewViewController.swift */; };
		E950CDE9280D17A100697219 /* CollectionViewTableViewCell.swift in Sources */ = {isa = PBXBuildFile; fileRef = E950CDE8280D17A100697219 /* CollectionViewTableViewCell.swift */; };
		E97D0373280BA48000A03C84 /* AppDelegate.swift in Sources */ = {isa = PBXBuildFile; fileRef = E97D0372280BA48000A03C84 /* AppDelegate.swift */; };
		E97D0375280BA48000A03C84 /* SceneDelegate.swift in Sources */ = {isa = PBXBuildFile; fileRef = E97D0374280BA48000A03C84 /* SceneDelegate.swift */; };
		E97D0377280BA48000A03C84 /* MainTabBarViewController.swift in Sources */ = {isa = PBXBuildFile; fileRef = E97D0376280BA48000A03C84 /* MainTabBarViewController.swift */; };
		E97D037C280BA48000A03C84 /* Assets.xcassets in Resources */ = {isa = PBXBuildFile; fileRef = E97D037B280BA48000A03C84 /* Assets.xcassets */; };
		E97D037F280BA48000A03C84 /* LaunchScreen.storyboard in Resources */ = {isa = PBXBuildFile; fileRef = E97D037D280BA48000A03C84 /* LaunchScreen.storyboard */; };
		E97D0388280BA7DC00A03C84 /* HomeViewController.swift in Sources */ = {isa = PBXBuildFile; fileRef = E97D0387280BA7DC00A03C84 /* HomeViewController.swift */; };
		E97D038A280BA7F200A03C84 /* SearchViewController.swift in Sources */ = {isa = PBXBuildFile; fileRef = E97D0389280BA7F200A03C84 /* SearchViewController.swift */; };
		E97D038C280BA80D00A03C84 /* UpcomingViewController.swift in Sources */ = {isa = PBXBuildFile; fileRef = E97D038B280BA80D00A03C84 /* UpcomingViewController.swift */; };
		E97D038E280BA82200A03C84 /* DownloadsViewController.swift in Sources */ = {isa = PBXBuildFile; fileRef = E97D038D280BA82200A03C84 /* DownloadsViewController.swift */; };
		E9C0117928190661003D795B /* TitleTableViewCell.swift in Sources */ = {isa = PBXBuildFile; fileRef = E9C0117828190661003D795B /* TitleTableViewCell.swift */; };
		E9D73010282E160300AFFD5A /* DataPersistanceManager.swift in Sources */ = {isa = PBXBuildFile; fileRef = E9D7300F282E160300AFFD5A /* DataPersistanceManager.swift */; };
		E9EBDF66281237CA0030505F /* Title.swift in Sources */ = {isa = PBXBuildFile; fileRef = E9EBDF65281237CA0030505F /* Title.swift */; };
		E9EBDF6828123DFE0030505F /* Extensions.swift in Sources */ = {isa = PBXBuildFile; fileRef = E9EBDF6728123DFE0030505F /* Extensions.swift */; };
		E9EBDF6C28135E070030505F /* TitleCollectionViewCell.swift in Sources */ = {isa = PBXBuildFile; fileRef = E9EBDF6B28135E070030505F /* TitleCollectionViewCell.swift */; };
		E9EBDF6F281383610030505F /* SDWebImage in Frameworks */ = {isa = PBXBuildFile; productRef = E9EBDF6E281383610030505F /* SDWebImage */; };
		E9EBDF71281383610030505F /* SDWebImageMapKit in Frameworks */ = {isa = PBXBuildFile; productRef = E9EBDF70281383610030505F /* SDWebImageMapKit */; };
		E9EC0EFD281A14C0001175F0 /* TitleViewModel.swift in Sources */ = {isa = PBXBuildFile; fileRef = E9EC0EFC281A14C0001175F0 /* TitleViewModel.swift */; };
		E9EC0EFF281A5378001175F0 /* SearchResultViewController.swift in Sources */ = {isa = PBXBuildFile; fileRef = E9EC0EFE281A5378001175F0 /* SearchResultViewController.swift */; };
		E9EFB5FC280E87CA007A13C6 /* HeroHeaderUIView.swift in Sources */ = {isa = PBXBuildFile; fileRef = E9EFB5FB280E87CA007A13C6 /* HeroHeaderUIView.swift */; };
/* End PBXBuildFile section */

/* Begin PBXFileReference section */
		E9041ED8282B704D00EB4001 /* TitlePreviewModel.swift */ = {isa = PBXFileReference; lastKnownFileType = sourcecode.swift; path = TitlePreviewModel.swift; sourceTree = "<group>"; };
		E9041EFE282E124D00EB4001 /* CinemaParkModel.xcdatamodel */ = {isa = PBXFileReference; lastKnownFileType = wrapper.xcdatamodel; path = CinemaParkModel.xcdatamodel; sourceTree = "<group>"; };
		E90B85EB280FC89C00D0F634 /* Image Extensions.swift */ = {isa = PBXFileReference; lastKnownFileType = sourcecode.swift; path = "Image Extensions.swift"; sourceTree = "<group>"; };
		E91B37AC28110CDB00645F50 /* APICaller.swift */ = {isa = PBXFileReference; lastKnownFileType = sourcecode.swift; path = APICaller.swift; sourceTree = "<group>"; };
		E94C4CE728224F9900113F53 /* YouTubeSearchResponse.swift */ = {isa = PBXFileReference; lastKnownFileType = sourcecode.swift; path = YouTubeSearchResponse.swift; sourceTree = "<group>"; };
		E94C4D092824ED6900113F53 /* TitlePreviewViewController.swift */ = {isa = PBXFileReference; lastKnownFileType = sourcecode.swift; path = TitlePreviewViewController.swift; sourceTree = "<group>"; };
		E950CDE8280D17A100697219 /* CollectionViewTableViewCell.swift */ = {isa = PBXFileReference; lastKnownFileType = sourcecode.swift; path = CollectionViewTableViewCell.swift; sourceTree = "<group>"; };
		E97D036F280BA48000A03C84 /* Cinema Park.app */ = {isa = PBXFileReference; explicitFileType = wrapper.application; includeInIndex = 0; path = "Cinema Park.app"; sourceTree = BUILT_PRODUCTS_DIR; };
		E97D0372280BA48000A03C84 /* AppDelegate.swift */ = {isa = PBXFileReference; lastKnownFileType = sourcecode.swift; path = AppDelegate.swift; sourceTree = "<group>"; };
		E97D0374280BA48000A03C84 /* SceneDelegate.swift */ = {isa = PBXFileReference; lastKnownFileType = sourcecode.swift; path = SceneDelegate.swift; sourceTree = "<group>"; };
		E97D0376280BA48000A03C84 /* MainTabBarViewController.swift */ = {isa = PBXFileReference; lastKnownFileType = sourcecode.swift; path = MainTabBarViewController.swift; sourceTree = "<group>"; };
		E97D037B280BA48000A03C84 /* Assets.xcassets */ = {isa = PBXFileReference; lastKnownFileType = folder.assetcatalog; path = Assets.xcassets; sourceTree = "<group>"; };
		E97D037E280BA48000A03C84 /* Base */ = {isa = PBXFileReference; lastKnownFileType = file.storyboard; name = Base; path = Base.lproj/LaunchScreen.storyboard; sourceTree = "<group>"; };
		E97D0380280BA48000A03C84 /* Info.plist */ = {isa = PBXFileReference; lastKnownFileType = text.plist.xml; path = Info.plist; sourceTree = "<group>"; };
		E97D0387280BA7DC00A03C84 /* HomeViewController.swift */ = {isa = PBXFileReference; lastKnownFileType = sourcecode.swift; path = HomeViewController.swift; sourceTree = "<group>"; };
		E97D0389280BA7F200A03C84 /* SearchViewController.swift */ = {isa = PBXFileReference; lastKnownFileType = sourcecode.swift; path = SearchViewController.swift; sourceTree = "<group>"; };
		E97D038B280BA80D00A03C84 /* UpcomingViewController.swift */ = {isa = PBXFileReference; lastKnownFileType = sourcecode.swift; path = UpcomingViewController.swift; sourceTree = "<group>"; };
		E97D038D280BA82200A03C84 /* DownloadsViewController.swift */ = {isa = PBXFileReference; lastKnownFileType = sourcecode.swift; path = DownloadsViewController.swift; sourceTree = "<group>"; };
		E9C0117828190661003D795B /* TitleTableViewCell.swift */ = {isa = PBXFileReference; lastKnownFileType = sourcecode.swift; path = TitleTableViewCell.swift; sourceTree = "<group>"; };
		E9D7300F282E160300AFFD5A /* DataPersistanceManager.swift */ = {isa = PBXFileReference; lastKnownFileType = sourcecode.swift; path = DataPersistanceManager.swift; sourceTree = "<group>"; };
		E9EBDF65281237CA0030505F /* Title.swift */ = {isa = PBXFileReference; lastKnownFileType = sourcecode.swift; path = Title.swift; sourceTree = "<group>"; };
		E9EBDF6728123DFE0030505F /* Extensions.swift */ = {isa = PBXFileReference; lastKnownFileType = sourcecode.swift; path = Extensions.swift; sourceTree = "<group>"; };
		E9EBDF6B28135E070030505F /* TitleCollectionViewCell.swift */ = {isa = PBXFileReference; lastKnownFileType = sourcecode.swift; path = TitleCollectionViewCell.swift; sourceTree = "<group>"; };
		E9EC0EFC281A14C0001175F0 /* TitleViewModel.swift */ = {isa = PBXFileReference; lastKnownFileType = sourcecode.swift; path = TitleViewModel.swift; sourceTree = "<group>"; };
		E9EC0EFE281A5378001175F0 /* SearchResultViewController.swift */ = {isa = PBXFileReference; lastKnownFileType = sourcecode.swift; path = SearchResultViewController.swift; sourceTree = "<group>"; };
		E9EFB5FB280E87CA007A13C6 /* HeroHeaderUIView.swift */ = {isa = PBXFileReference; lastKnownFileType = sourcecode.swift; path = HeroHeaderUIView.swift; sourceTree = "<group>"; };
/* End PBXFileReference section */

/* Begin PBXFrameworksBuildPhase section */
		E97D036C280BA48000A03C84 /* Frameworks */ = {
			isa = PBXFrameworksBuildPhase;
			buildActionMask = 2147483647;
			files = (
				E9EBDF71281383610030505F /* SDWebImageMapKit in Frameworks */,
				E9EBDF6F281383610030505F /* SDWebImage in Frameworks */,
			);
			runOnlyForDeploymentPostprocessing = 0;
		};
/* End PBXFrameworksBuildPhase section */

/* Begin PBXGroup section */
		E950CDE3280D168A00697219 /* Views */ = {
			isa = PBXGroup;
			children = (
				E950CDE8280D17A100697219 /* CollectionViewTableViewCell.swift */,
				E9EFB5FB280E87CA007A13C6 /* HeroHeaderUIView.swift */,
				E9EBDF6B28135E070030505F /* TitleCollectionViewCell.swift */,
				E9C0117828190661003D795B /* TitleTableViewCell.swift */,
			);
			path = Views;
			sourceTree = "<group>";
		};
		E950CDE4280D168D00697219 /* ViewModels */ = {
			isa = PBXGroup;
			children = (
				E9EC0EFC281A14C0001175F0 /* TitleViewModel.swift */,
				E9041ED8282B704D00EB4001 /* TitlePreviewModel.swift */,
			);
			path = ViewModels;
			sourceTree = "<group>";
		};
		E950CDE5280D169E00697219 /* Models */ = {
			isa = PBXGroup;
			children = (
				E9EBDF65281237CA0030505F /* Title.swift */,
				E94C4CE728224F9900113F53 /* YouTubeSearchResponse.swift */,
			);
			path = Models;
			sourceTree = "<group>";
		};
		E950CDE6280D175900697219 /* Resources */ = {
			isa = PBXGroup;
			children = (
				E90B85EB280FC89C00D0F634 /* Image Extensions.swift */,
				E9EBDF6728123DFE0030505F /* Extensions.swift */,
			);
			path = Resources;
			sourceTree = "<group>";
		};
		E950CDE7280D176000697219 /* Managers */ = {
			isa = PBXGroup;
			children = (
				E91B37AC28110CDB00645F50 /* APICaller.swift */,
				E9D7300F282E160300AFFD5A /* DataPersistanceManager.swift */,
			);
			path = Managers;
			sourceTree = "<group>";
		};
		E97D0366280BA48000A03C84 = {
			isa = PBXGroup;
			children = (
				E97D0371280BA48000A03C84 /* Cinema Park */,
				E97D0370280BA48000A03C84 /* Products */,
			);
			sourceTree = "<group>";
		};
		E97D0370280BA48000A03C84 /* Products */ = {
			isa = PBXGroup;
			children = (
				E97D036F280BA48000A03C84 /* Cinema Park.app */,
			);
			name = Products;
			sourceTree = "<group>";
		};
		E97D0371280BA48000A03C84 /* Cinema Park */ = {
			isa = PBXGroup;
			children = (
				E950CDE7280D176000697219 /* Managers */,
				E950CDE6280D175900697219 /* Resources */,
				E950CDE5280D169E00697219 /* Models */,
				E950CDE4280D168D00697219 /* ViewModels */,
				E950CDE3280D168A00697219 /* Views */,
				E97D0386280BA73600A03C84 /* Controllers */,
				E97D0372280BA48000A03C84 /* AppDelegate.swift */,
				E97D0374280BA48000A03C84 /* SceneDelegate.swift */,
				E97D037B280BA48000A03C84 /* Assets.xcassets */,
				E97D037D280BA48000A03C84 /* LaunchScreen.storyboard */,
				E97D0380280BA48000A03C84 /* Info.plist */,
				E9041EFD282E124D00EB4001 /* CinemaParkModel.xcdatamodeld */,
			);
			path = "Cinema Park";
			sourceTree = "<group>";
		};
		E97D0386280BA73600A03C84 /* Controllers */ = {
			isa = PBXGroup;
			children = (
				E9EC0F01281A5400001175F0 /* General */,
				E9EC0F00281A53C0001175F0 /* Core */,
			);
			path = Controllers;
			sourceTree = "<group>";
		};
		E9EC0F00281A53C0001175F0 /* Core */ = {
			isa = PBXGroup;
			children = (
				E97D0387280BA7DC00A03C84 /* HomeViewController.swift */,
				E97D0389280BA7F200A03C84 /* SearchViewController.swift */,
				E97D038B280BA80D00A03C84 /* UpcomingViewController.swift */,
				E97D038D280BA82200A03C84 /* DownloadsViewController.swift */,
				E97D0376280BA48000A03C84 /* MainTabBarViewController.swift */,
			);
			path = Core;
			sourceTree = "<group>";
		};
		E9EC0F01281A5400001175F0 /* General */ = {
			isa = PBXGroup;
			children = (
				E9EC0EFE281A5378001175F0 /* SearchResultViewController.swift */,
				E94C4D092824ED6900113F53 /* TitlePreviewViewController.swift */,
			);
			path = General;
			sourceTree = "<group>";
		};
/* End PBXGroup section */

/* Begin PBXNativeTarget section */
		E97D036E280BA48000A03C84 /* Cinema Park */ = {
			isa = PBXNativeTarget;
			buildConfigurationList = E97D0383280BA48000A03C84 /* Build configuration list for PBXNativeTarget "Cinema Park" */;
			buildPhases = (
				E97D036B280BA48000A03C84 /* Sources */,
				E97D036C280BA48000A03C84 /* Frameworks */,
				E97D036D280BA48000A03C84 /* Resources */,
			);
			buildRules = (
			);
			dependencies = (
			);
			name = "Cinema Park";
			packageProductDependencies = (
				E9EBDF6E281383610030505F /* SDWebImage */,
				E9EBDF70281383610030505F /* SDWebImageMapKit */,
			);
			productName = "Cinema Park";
			productReference = E97D036F280BA48000A03C84 /* Cinema Park.app */;
			productType = "com.apple.product-type.application";
		};
/* End PBXNativeTarget section */

/* Begin PBXProject section */
		E97D0367280BA48000A03C84 /* Project object */ = {
			isa = PBXProject;
			attributes = {
				BuildIndependentTargetsInParallel = 1;
				LastSwiftUpdateCheck = 1330;
				LastUpgradeCheck = 1330;
				TargetAttributes = {
					E97D036E280BA48000A03C84 = {
						CreatedOnToolsVersion = 13.3;
					};
				};
			};
			buildConfigurationList = E97D036A280BA48000A03C84 /* Build configuration list for PBXProject "Cinema Park" */;
			compatibilityVersion = "Xcode 13.0";
			developmentRegion = en;
			hasScannedForEncodings = 0;
			knownRegions = (
				en,
				Base,
			);
			mainGroup = E97D0366280BA48000A03C84;
			packageReferences = (
				E9EBDF6D281383610030505F /* XCRemoteSwiftPackageReference "SDWebImage" */,
			);
			productRefGroup = E97D0370280BA48000A03C84 /* Products */;
			projectDirPath = "";
			projectRoot = "";
			targets = (
				E97D036E280BA48000A03C84 /* Cinema Park */,
			);
		};
/* End PBXProject section */

/* Begin PBXResourcesBuildPhase section */
		E97D036D280BA48000A03C84 /* Resources */ = {
			isa = PBXResourcesBuildPhase;
			buildActionMask = 2147483647;
			files = (
				E97D037F280BA48000A03C84 /* LaunchScreen.storyboard in Resources */,
				E97D037C280BA48000A03C84 /* Assets.xcassets in Resources */,
			);
			runOnlyForDeploymentPostprocessing = 0;
		};
/* End PBXResourcesBuildPhase section */

/* Begin PBXSourcesBuildPhase section */
		E97D036B280BA48000A03C84 /* Sources */ = {
			isa = PBXSourcesBuildPhase;
			buildActionMask = 2147483647;
			files = (
				E97D038C280BA80D00A03C84 /* UpcomingViewController.swift in Sources */,
				E97D038A280BA7F200A03C84 /* SearchViewController.swift in Sources */,
				E9EBDF66281237CA0030505F /* Title.swift in Sources */,
				E950CDE9280D17A100697219 /* CollectionViewTableViewCell.swift in Sources */,
				E9EFB5FC280E87CA007A13C6 /* HeroHeaderUIView.swift in Sources */,
				E97D038E280BA82200A03C84 /* DownloadsViewController.swift in Sources */,
				E97D0377280BA48000A03C84 /* MainTabBarViewController.swift in Sources */,
				E9EBDF6C28135E070030505F /* TitleCollectionViewCell.swift in Sources */,
				E9D73010282E160300AFFD5A /* DataPersistanceManager.swift in Sources */,
				E97D0373280BA48000A03C84 /* AppDelegate.swift in Sources */,
				E94C4D0A2824ED6900113F53 /* TitlePreviewViewController.swift in Sources */,
				E9EBDF6828123DFE0030505F /* Extensions.swift in Sources */,
				E9C0117928190661003D795B /* TitleTableViewCell.swift in Sources */,
				E9041ED9282B704D00EB4001 /* TitlePreviewModel.swift in Sources */,
				E97D0375280BA48000A03C84 /* SceneDelegate.swift in Sources */,
				E9041EFF282E124D00EB4001 /* CinemaParkModel.xcdatamodeld in Sources */,
				E91B37AD28110CDB00645F50 /* APICaller.swift in Sources */,
				E9EC0EFF281A5378001175F0 /* SearchResultViewController.swift in Sources */,
				E9EC0EFD281A14C0001175F0 /* TitleViewModel.swift in Sources */,
				E90B85EC280FC89C00D0F634 /* Image Extensions.swift in Sources */,
				E94C4CE828224F9900113F53 /* YouTubeSearchResponse.swift in Sources */,
				E97D0388280BA7DC00A03C84 /* HomeViewController.swift in Sources */,
			);
			runOnlyForDeploymentPostprocessing = 0;
		};
/* End PBXSourcesBuildPhase section */

/* Begin PBXVariantGroup section */
		E97D037D280BA48000A03C84 /* LaunchScreen.storyboard */ = {
			isa = PBXVariantGroup;
			children = (
				E97D037E280BA48000A03C84 /* Base */,
			);
			name = LaunchScreen.storyboard;
			sourceTree = "<group>";
		};
/* End PBXVariantGroup section */

/* Begin XCBuildConfiguration section */
		E97D0381280BA48000A03C84 /* Debug */ = {
			isa = XCBuildConfiguration;
			buildSettings = {
				ALWAYS_SEARCH_USER_PATHS = NO;
				CLANG_ANALYZER_NONNULL = YES;
				CLANG_ANALYZER_NUMBER_OBJECT_CONVERSION = YES_AGGRESSIVE;
				CLANG_CXX_LANGUAGE_STANDARD = "gnu++17";
				CLANG_ENABLE_MODULES = YES;
				CLANG_ENABLE_OBJC_ARC = YES;
				CLANG_ENABLE_OBJC_WEAK = YES;
				CLANG_WARN_BLOCK_CAPTURE_AUTORELEASING = YES;
				CLANG_WARN_BOOL_CONVERSION = YES;
				CLANG_WARN_COMMA = YES;
				CLANG_WARN_CONSTANT_CONVERSION = YES;
				CLANG_WARN_DEPRECATED_OBJC_IMPLEMENTATIONS = YES;
				CLANG_WARN_DIRECT_OBJC_ISA_USAGE = YES_ERROR;
				CLANG_WARN_DOCUMENTATION_COMMENTS = YES;
				CLANG_WARN_EMPTY_BODY = YES;
				CLANG_WARN_ENUM_CONVERSION = YES;
				CLANG_WARN_INFINITE_RECURSION = YES;
				CLANG_WARN_INT_CONVERSION = YES;
				CLANG_WARN_NON_LITERAL_NULL_CONVERSION = YES;
				CLANG_WARN_OBJC_IMPLICIT_RETAIN_SELF = YES;
				CLANG_WARN_OBJC_LITERAL_CONVERSION = YES;
				CLANG_WARN_OBJC_ROOT_CLASS = YES_ERROR;
				CLANG_WARN_QUOTED_INCLUDE_IN_FRAMEWORK_HEADER = YES;
				CLANG_WARN_RANGE_LOOP_ANALYSIS = YES;
				CLANG_WARN_STRICT_PROTOTYPES = YES;
				CLANG_WARN_SUSPICIOUS_MOVE = YES;
				CLANG_WARN_UNGUARDED_AVAILABILITY = YES_AGGRESSIVE;
				CLANG_WARN_UNREACHABLE_CODE = YES;
				CLANG_WARN__DUPLICATE_METHOD_MATCH = YES;
				COPY_PHASE_STRIP = NO;
				DEBUG_INFORMATION_FORMAT = dwarf;
				ENABLE_STRICT_OBJC_MSGSEND = YES;
				ENABLE_TESTABILITY = YES;
				GCC_C_LANGUAGE_STANDARD = gnu11;
				GCC_DYNAMIC_NO_PIC = NO;
				GCC_NO_COMMON_BLOCKS = YES;
				GCC_OPTIMIZATION_LEVEL = 0;
				GCC_PREPROCESSOR_DEFINITIONS = (
					"DEBUG=1",
					"$(inherited)",
				);
				GCC_WARN_64_TO_32_BIT_CONVERSION = YES;
				GCC_WARN_ABOUT_RETURN_TYPE = YES_ERROR;
				GCC_WARN_UNDECLARED_SELECTOR = YES;
				GCC_WARN_UNINITIALIZED_AUTOS = YES_AGGRESSIVE;
				GCC_WARN_UNUSED_FUNCTION = YES;
				GCC_WARN_UNUSED_VARIABLE = YES;
				IPHONEOS_DEPLOYMENT_TARGET = 15.4;
				MTL_ENABLE_DEBUG_INFO = INCLUDE_SOURCE;
				MTL_FAST_MATH = YES;
				ONLY_ACTIVE_ARCH = YES;
				SDKROOT = iphoneos;
				SWIFT_ACTIVE_COMPILATION_CONDITIONS = DEBUG;
				SWIFT_OPTIMIZATION_LEVEL = "-Onone";
			};
			name = Debug;
		};
		E97D0382280BA48000A03C84 /* Release */ = {
			isa = XCBuildConfiguration;
			buildSettings = {
				ALWAYS_SEARCH_USER_PATHS = NO;
				CLANG_ANALYZER_NONNULL = YES;
				CLANG_ANALYZER_NUMBER_OBJECT_CONVERSION = YES_AGGRESSIVE;
				CLANG_CXX_LANGUAGE_STANDARD = "gnu++17";
				CLANG_ENABLE_MODULES = YES;
				CLANG_ENABLE_OBJC_ARC = YES;
				CLANG_ENABLE_OBJC_WEAK = YES;
				CLANG_WARN_BLOCK_CAPTURE_AUTORELEASING = YES;
				CLANG_WARN_BOOL_CONVERSION = YES;
				CLANG_WARN_COMMA = YES;
				CLANG_WARN_CONSTANT_CONVERSION = YES;
				CLANG_WARN_DEPRECATED_OBJC_IMPLEMENTATIONS = YES;
				CLANG_WARN_DIRECT_OBJC_ISA_USAGE = YES_ERROR;
				CLANG_WARN_DOCUMENTATION_COMMENTS = YES;
				CLANG_WARN_EMPTY_BODY = YES;
				CLANG_WARN_ENUM_CONVERSION = YES;
				CLANG_WARN_INFINITE_RECURSION = YES;
				CLANG_WARN_INT_CONVERSION = YES;
				CLANG_WARN_NON_LITERAL_NULL_CONVERSION = YES;
				CLANG_WARN_OBJC_IMPLICIT_RETAIN_SELF = YES;
				CLANG_WARN_OBJC_LITERAL_CONVERSION = YES;
				CLANG_WARN_OBJC_ROOT_CLASS = YES_ERROR;
				CLANG_WARN_QUOTED_INCLUDE_IN_FRAMEWORK_HEADER = YES;
				CLANG_WARN_RANGE_LOOP_ANALYSIS = YES;
				CLANG_WARN_STRICT_PROTOTYPES = YES;
				CLANG_WARN_SUSPICIOUS_MOVE = YES;
				CLANG_WARN_UNGUARDED_AVAILABILITY = YES_AGGRESSIVE;
				CLANG_WARN_UNREACHABLE_CODE = YES;
				CLANG_WARN__DUPLICATE_METHOD_MATCH = YES;
				COPY_PHASE_STRIP = NO;
				DEBUG_INFORMATION_FORMAT = "dwarf-with-dsym";
				ENABLE_NS_ASSERTIONS = NO;
				ENABLE_STRICT_OBJC_MSGSEND = YES;
				GCC_C_LANGUAGE_STANDARD = gnu11;
				GCC_NO_COMMON_BLOCKS = YES;
				GCC_WARN_64_TO_32_BIT_CONVERSION = YES;
				GCC_WARN_ABOUT_RETURN_TYPE = YES_ERROR;
				GCC_WARN_UNDECLARED_SELECTOR = YES;
				GCC_WARN_UNINITIALIZED_AUTOS = YES_AGGRESSIVE;
				GCC_WARN_UNUSED_FUNCTION = YES;
				GCC_WARN_UNUSED_VARIABLE = YES;
				IPHONEOS_DEPLOYMENT_TARGET = 15.4;
				MTL_ENABLE_DEBUG_INFO = NO;
				MTL_FAST_MATH = YES;
				SDKROOT = iphoneos;
				SWIFT_COMPILATION_MODE = wholemodule;
				SWIFT_OPTIMIZATION_LEVEL = "-O";
				VALIDATE_PRODUCT = YES;
			};
			name = Release;
		};
		E97D0384280BA48000A03C84 /* Debug */ = {
			isa = XCBuildConfiguration;
			buildSettings = {
				ASSETCATALOG_COMPILER_APPICON_NAME = AppIcon;
				ASSETCATALOG_COMPILER_GLOBAL_ACCENT_COLOR_NAME = AccentColor;
				CODE_SIGN_STYLE = Automatic;
				CURRENT_PROJECT_VERSION = 1;
				DEVELOPMENT_TEAM = ZW3N55LCY7;
				GENERATE_INFOPLIST_FILE = YES;
				INFOPLIST_FILE = "Cinema Park/Info.plist";
				INFOPLIST_KEY_UIApplicationSupportsIndirectInputEvents = YES;
				INFOPLIST_KEY_UILaunchStoryboardName = LaunchScreen;
				INFOPLIST_KEY_UISupportedInterfaceOrientations_iPad = "UIInterfaceOrientationPortrait UIInterfaceOrientationPortraitUpsideDown UIInterfaceOrientationLandscapeLeft UIInterfaceOrientationLandscapeRight";
				INFOPLIST_KEY_UISupportedInterfaceOrientations_iPhone = "UIInterfaceOrientationPortrait UIInterfaceOrientationLandscapeLeft UIInterfaceOrientationLandscapeRight";
				LD_RUNPATH_SEARCH_PATHS = (
					"$(inherited)",
					"@executable_path/Frameworks",
				);
				MARKETING_VERSION = 1.0;
				PRODUCT_BUNDLE_IDENTIFIER = "Pavel-andreev.Cinema-Park";
				PRODUCT_NAME = "$(TARGET_NAME)";
				SWIFT_EMIT_LOC_STRINGS = YES;
				SWIFT_VERSION = 5.0;
				TARGETED_DEVICE_FAMILY = "1,2";
			};
			name = Debug;
		};
		E97D0385280BA48000A03C84 /* Release */ = {
			isa = XCBuildConfiguration;
			buildSettings = {
				ASSETCATALOG_COMPILER_APPICON_NAME = AppIcon;
				ASSETCATALOG_COMPILER_GLOBAL_ACCENT_COLOR_NAME = AccentColor;
				CODE_SIGN_STYLE = Automatic;
				CURRENT_PROJECT_VERSION = 1;
				DEVELOPMENT_TEAM = ZW3N55LCY7;
				GENERATE_INFOPLIST_FILE = YES;
				INFOPLIST_FILE = "Cinema Park/Info.plist";
				INFOPLIST_KEY_UIApplicationSupportsIndirectInputEvents = YES;
				INFOPLIST_KEY_UILaunchStoryboardName = LaunchScreen;
				INFOPLIST_KEY_UISupportedInterfaceOrientations_iPad = "UIInterfaceOrientationPortrait UIInterfaceOrientationPortraitUpsideDown UIInterfaceOrientationLandscapeLeft UIInterfaceOrientationLandscapeRight";
				INFOPLIST_KEY_UISupportedInterfaceOrientations_iPhone = "UIInterfaceOrientationPortrait UIInterfaceOrientationLandscapeLeft UIInterfaceOrientationLandscapeRight";
				LD_RUNPATH_SEARCH_PATHS = (
					"$(inherited)",
					"@executable_path/Frameworks",
				);
				MARKETING_VERSION = 1.0;
				PRODUCT_BUNDLE_IDENTIFIER = "Pavel-andreev.Cinema-Park";
				PRODUCT_NAME = "$(TARGET_NAME)";
				SWIFT_EMIT_LOC_STRINGS = YES;
				SWIFT_VERSION = 5.0;
				TARGETED_DEVICE_FAMILY = "1,2";
			};
			name = Release;
		};
/* End XCBuildConfiguration section */

/* Begin XCConfigurationList section */
		E97D036A280BA48000A03C84 /* Build configuration list for PBXProject "Cinema Park" */ = {
			isa = XCConfigurationList;
			buildConfigurations = (
				E97D0381280BA48000A03C84 /* Debug */,
				E97D0382280BA48000A03C84 /* Release */,
			);
			defaultConfigurationIsVisible = 0;
			defaultConfigurationName = Release;
		};
		E97D0383280BA48000A03C84 /* Build configuration list for PBXNativeTarget "Cinema Park" */ = {
			isa = XCConfigurationList;
			buildConfigurations = (
				E97D0384280BA48000A03C84 /* Debug */,
				E97D0385280BA48000A03C84 /* Release */,
			);
			defaultConfigurationIsVisible = 0;
			defaultConfigurationName = Release;
		};
/* End XCConfigurationList section */

/* Begin XCRemoteSwiftPackageReference section */
		E9EBDF6D281383610030505F /* XCRemoteSwiftPackageReference "SDWebImage" */ = {
			isa = XCRemoteSwiftPackageReference;
			repositoryURL = "https://github.com/SDWebImage/SDWebImage.git";
			requirement = {
				branch = master;
				kind = branch;
			};
		};
/* End XCRemoteSwiftPackageReference section */

/* Begin XCSwiftPackageProductDependency section */
		E9EBDF6E281383610030505F /* SDWebImage */ = {
			isa = XCSwiftPackageProductDependency;
			package = E9EBDF6D281383610030505F /* XCRemoteSwiftPackageReference "SDWebImage" */;
			productName = SDWebImage;
		};
		E9EBDF70281383610030505F /* SDWebImageMapKit */ = {
			isa = XCSwiftPackageProductDependency;
			package = E9EBDF6D281383610030505F /* XCRemoteSwiftPackageReference "SDWebImage" */;
			productName = SDWebImageMapKit;
		};
/* End XCSwiftPackageProductDependency section */

/* Begin XCVersionGroup section */
		E9041EFD282E124D00EB4001 /* CinemaParkModel.xcdatamodeld */ = {
			isa = XCVersionGroup;
			children = (
				E9041EFE282E124D00EB4001 /* CinemaParkModel.xcdatamodel */,
			);
			currentVersion = E9041EFE282E124D00EB4001 /* CinemaParkModel.xcdatamodel */;
			path = CinemaParkModel.xcdatamodeld;
			sourceTree = "<group>";
			versionGroupType = wrapper.xcdatamodel;
		};
/* End XCVersionGroup section */
	};
	rootObject = E97D0367280BA48000A03C84 /* Project object */;
}
